
Microsoft Visual Studio Solution File, Format Version 12.00
# Visual Studio Version 17
VisualStudioVersion = 17.3.32825.248
MinimumVisualStudioVersion = 10.0.40219.1
Project("{9A19103F-16F7-4668-BE54-9A1E7A4F7556}") = "InjectedLocalizations.Providers.DeepL", "InjectedLocalizations.Providers.DeepL\InjectedLocalizations.Providers.DeepL.csproj", "{23878BA6-3840-4A44-9183-7B0B1FDC118A}"
EndProject
Project("{2150E333-8FDC-42A3-9474-1A3956D46DE8}") = "Solution Items", "Solution Items", "{5AA186A8-870C-499E-9539-353DA139A01E}"
	ProjectSection(SolutionItems) = preProject
		nuget.config = nuget.config
		README.md = README.md
	EndProjectSection
EndProject
Project("{9A19103F-16F7-4668-BE54-9A1E7A4F7556}") = "InjectedLocalizations.Providers.DeepL.Tests", "InjectedLocalizations.Providers.DeepL.Tests\InjectedLocalizations.Providers.DeepL.Tests.csproj", "{0AB66B06-A466-4E23-A8A3-86A7B7B5DBF4}"
EndProject
Global
	GlobalSection(SolutionConfigurationPlatforms) = preSolution
		Debug|Any CPU = Debug|Any CPU
		Integration|Any CPU = Integration|Any CPU
		Release|Any CPU = Release|Any CPU
	EndGlobalSection
	GlobalSection(ProjectConfigurationPlatforms) = postSolution
		{23878BA6-3840-4A44-9183-7B0B1FDC118A}.Debug|Any CPU.ActiveCfg = Debug|Any CPU
		{23878BA6-3840-4A44-9183-7B0B1FDC118A}.Debug|Any CPU.Build.0 = Debug|Any CPU
		{23878BA6-3840-4A44-9183-7B0B1FDC118A}.Integration|Any CPU.ActiveCfg = Integration|Any CPU
		{23878BA6-3840-4A44-9183-7B0B1FDC118A}.Integration|Any CPU.Build.0 = Integration|Any CPU
		{23878BA6-3840-4A44-9183-7B0B1FDC118A}.Release|Any CPU.ActiveCfg = Release|Any CPU
		{23878BA6-3840-4A44-9183-7B0B1FDC118A}.Release|Any CPU.Build.0 = Release|Any CPU
		{0AB66B06-A466-4E23-A8A3-86A7B7B5DBF4}.Debug|Any CPU.ActiveCfg = Debug|Any CPU
		{0AB66B06-A466-4E23-A8A3-86A7B7B5DBF4}.Debug|Any CPU.Build.0 = Debug|Any CPU
		{0AB66B06-A466-4E23-A8A3-86A7B7B5DBF4}.Integration|Any CPU.ActiveCfg = Integration|Any CPU
		{0AB66B06-A466-4E23-A8A3-86A7B7B5DBF4}.Integration|Any CPU.Build.0 = Integration|Any CPU
		{0AB66B06-A466-4E23-A8A3-86A7B7B5DBF4}.Release|Any CPU.ActiveCfg = Release|Any CPU
		{0AB66B06-A466-4E23-A8A3-86A7B7B5DBF4}.Release|Any CPU.Build.0 = Release|Any CPU
	EndGlobalSection
	GlobalSection(SolutionProperties) = preSolution
		HideSolutionNode = FALSE
	EndGlobalSection
	GlobalSection(ExtensibilityGlobals) = postSolution
		SolutionGuid = {4325B121-20A3-4DC1-98ED-94362BDB6AEC}
	EndGlobalSection
EndGlobal
